
Microsoft Visual Studio Solution File, Format Version 12.00
# Visual Studio Version 17
VisualStudioVersion = 17.8.34316.72
MinimumVisualStudioVersion = 10.0.40219.1
Project("{FAE04EC0-301F-11D3-BF4B-00C04F79EFBC}") = "Console", "Console\Console.csproj", "{F26F4C90-5757-44EF-8D91-6CF7AF8129CF}"
EndProject
Global
	GlobalSection(SolutionConfigurationPlatforms) = preSolution
		Debug|Any CPU = Debug|Any CPU
		Release|Any CPU = Release|Any CPU
	EndGlobalSection
	GlobalSection(ProjectConfigurationPlatforms) = postSolution
		{F26F4C90-5757-44EF-8D91-6CF7AF8129CF}.Debug|Any CPU.ActiveCfg = Debug|Any CPU
		{F26F4C90-5757-44EF-8D91-6CF7AF8129CF}.Debug|Any CPU.Build.0 = Debug|Any CPU
		{F26F4C90-5757-44EF-8D91-6CF7AF8129CF}.Release|Any CPU.ActiveCfg = Release|Any CPU
		{F26F4C90-5757-44EF-8D91-6CF7AF8129CF}.Release|Any CPU.Build.0 = Release|Any CPU
	EndGlobalSection
	GlobalSection(SolutionProperties) = preSolution
		HideSolutionNode = FALSE
	EndGlobalSection
	GlobalSection(ExtensibilityGlobals) = postSolution
		SolutionGuid = {A89BABF1-4B45-440F-A1A0-496D957621C8}
	EndGlobalSection
EndGlobal
